Microsoft Visual Studio Solution File, Format Version 11.00
# Visual Studio 2008

Project("{7DC29AB2-CBDF-9612-F0DA-3A652C2E8410}") = "TMAN-Pharma", "Assembly-CSharp.csproj", "{54B2C846-0D73-EFF7-664B-B181F790441A}"
EndProject
Project("{7DC29AB2-CBDF-9612-F0DA-3A652C2E8410}") = "TMAN-Pharma", "Assembly-CSharp-Editor.csproj", "{134C59E0-64B2-7595-C264-DAAFA2B300A3}"
EndProject
Global
	GlobalSection(SolutionConfigurationPlatforms) = preSolution
		Debug|Any CPU = Debug|Any CPU
		Release|Any CPU = Release|Any CPU
	EndGlobalSection
	GlobalSection(ProjectConfigurationPlatforms) = postSolution
		{54B2C846-0D73-EFF7-664B-B181F790441A}.Debug|Any CPU.ActiveCfg = Debug|Any CPU
		{54B2C846-0D73-EFF7-664B-B181F790441A}.Debug|Any CPU.Build.0 = Debug|Any CPU
		{54B2C846-0D73-EFF7-664B-B181F790441A}.Release|Any CPU.ActiveCfg = Release|Any CPU
		{54B2C846-0D73-EFF7-664B-B181F790441A}.Release|Any CPU.Build.0 = Release|Any CPU
		{134C59E0-64B2-7595-C264-DAAFA2B300A3}.Debug|Any CPU.ActiveCfg = Debug|Any CPU
		{134C59E0-64B2-7595-C264-DAAFA2B300A3}.Debug|Any CPU.Build.0 = Debug|Any CPU
		{134C59E0-64B2-7595-C264-DAAFA2B300A3}.Release|Any CPU.ActiveCfg = Release|Any CPU
		{134C59E0-64B2-7595-C264-DAAFA2B300A3}.Release|Any CPU.Build.0 = Release|Any CPU
	EndGlobalSection
	GlobalSection(SolutionProperties) = preSolution
		HideSolutionNode = FALSE
	EndGlobalSection
	GlobalSection(MonoDevelopProperties) = preSolution
		StartupItem = Assembly-CSharp.csproj
	EndGlobalSection
EndGlobal
