
Microsoft Visual Studio Solution File, Format Version 12.00
# Visual Studio for Mac
Project("{FAE04EC0-301F-11D3-BF4B-00C04F79EFBC}") = "Assembly-CSharp", "Assembly-CSharp.csproj", "{54B2C846-0D73-EFF7-664B-B181F790441A}"
EndProject
Project("{FAE04EC0-301F-11D3-BF4B-00C04F79EFBC}") = "Assembly-CSharp-firstpass", "Assembly-CSharp-firstpass.csproj", "{86BF1C6B-9DE7-D094-6495-4926E1014766}"
EndProject
Project("{FAE04EC0-301F-11D3-BF4B-00C04F79EFBC}") = "Assembly-CSharp-Editor", "Assembly-CSharp-Editor.csproj", "{134C59E0-64B2-7595-C264-DAAFA2B300A3}"
EndProject
Project("{FAE04EC0-301F-11D3-BF4B-00C04F79EFBC}") = "Assembly-CSharp-Editor-firstpass", "Assembly-CSharp-Editor-firstpass.csproj", "{0007D656-FA15-B9BF-757B-C1430311F8E8}"
EndProject
Global
	GlobalSection(SolutionConfigurationPlatforms) = preSolution
		Debug|Any CPU = Debug|Any CPU
		Release|Any CPU = Release|Any CPU
	EndGlobalSection
	GlobalSection(ProjectConfigurationPlatforms) = postSolution
		{54B2C846-0D73-EFF7-664B-B181F790441A}.Debug|Any CPU.ActiveCfg = Debug|Any CPU
		{54B2C846-0D73-EFF7-664B-B181F790441A}.Debug|Any CPU.Build.0 = Debug|Any CPU
		{54B2C846-0D73-EFF7-664B-B181F790441A}.Release|Any CPU.ActiveCfg = Release|Any CPU
		{54B2C846-0D73-EFF7-664B-B181F790441A}.Release|Any CPU.Build.0 = Release|Any CPU
		{86BF1C6B-9DE7-D094-6495-4926E1014766}.Debug|Any CPU.ActiveCfg = Debug|Any CPU
		{86BF1C6B-9DE7-D094-6495-4926E1014766}.Debug|Any CPU.Build.0 = Debug|Any CPU
		{86BF1C6B-9DE7-D094-6495-4926E1014766}.Release|Any CPU.ActiveCfg = Release|Any CPU
		{86BF1C6B-9DE7-D094-6495-4926E1014766}.Release|Any CPU.Build.0 = Release|Any CPU
		{134C59E0-64B2-7595-C264-DAAFA2B300A3}.Debug|Any CPU.ActiveCfg = Debug|Any CPU
		{134C59E0-64B2-7595-C264-DAAFA2B300A3}.Debug|Any CPU.Build.0 = Debug|Any CPU
		{134C59E0-64B2-7595-C264-DAAFA2B300A3}.Release|Any CPU.ActiveCfg = Release|Any CPU
		{134C59E0-64B2-7595-C264-DAAFA2B300A3}.Release|Any CPU.Build.0 = Release|Any CPU
		{0007D656-FA15-B9BF-757B-C1430311F8E8}.Debug|Any CPU.ActiveCfg = Debug|Any CPU
		{0007D656-FA15-B9BF-757B-C1430311F8E8}.Debug|Any CPU.Build.0 = Debug|Any CPU
		{0007D656-FA15-B9BF-757B-C1430311F8E8}.Release|Any CPU.ActiveCfg = Release|Any CPU
		{0007D656-FA15-B9BF-757B-C1430311F8E8}.Release|Any CPU.Build.0 = Release|Any CPU
	EndGlobalSection
	GlobalSection(SolutionProperties) = preSolution
		HideSolutionNode = FALSE
	EndGlobalSection
EndGlobal
